schema: '2.0'
stages:
  clean:
    cmd: python src/clean.py
    deps:
    - path: data/raw/events.csv
      hash: md5
      md5: 431ff8b1e99f6c5ac0a423d9e37ac2a9
      size: 73240
    - path: src/clean.py
      hash: md5
      md5: 1d60230b67b90b7490e7316dc714240e
      size: 524
    outs:
    - path: data/clean/events.csv
      hash: md5
      md5: 8c1e60738333b805fc80f5a5c9a92f03
      size: 52569
  transform:
    cmd: python src/transform.py
    deps:
    - path: data/clean/events.csv
      hash: md5
      md5: 8c1e60738333b805fc80f5a5c9a92f03
      size: 52569
    - path: src/transform.py
      hash: md5
      md5: 7027f2d3110bc4f24e89cef1bdb7acc4
      size: 255
    outs:
    - path: data/transformed/events.csv
      hash: md5
      md5: 0d51d1538eb17beffa4a344b0014a6cb
      size: 67457
  features:
    cmd: python src/features.py
    deps:
    - path: data/transformed/events.csv
      hash: md5
      md5: 0d51d1538eb17beffa4a344b0014a6cb
      size: 67457
    - path: src/features.py
      hash: md5
      md5: 501d4acd08e58c3b4797caba6fbe232a
      size: 321
    outs:
    - path: data/features/events.csv
      hash: md5
      md5: 55640bc296177e00cd7a7b2ee7c4101d
      size: 97109
